
Microsoft Visual Studio Solution File, Format Version 12.00
# Visual Studio 2013
VisualStudioVersion = 12.0.31101.0
MinimumVisualStudioVersion = 10.0.40219.1
Project("{930C7802-8A8C-48F9-8165-68863BCCD9DD}") = "Chauffeur.Services", "Chauffeur.Services\Chauffeur.Services.wixproj", "{EF570F84-9B8F-4A81-8C8D-B4984ED9E4FA}"
EndProject
Project("{FAE04EC0-301F-11D3-BF4B-00C04F79EFBC}") = "Chauffeur.Client", "..\src\Chauffeur.Client\Chauffeur.Client.csproj", "{A77D53E7-3779-451C-B1CE-935CCBDE1F57}"
	ProjectSection(ProjectDependencies) = postProject
		{880C9B0F-6005-4C1C-9F2F-5FF79EBFB54A} = {880C9B0F-6005-4C1C-9F2F-5FF79EBFB54A}
	EndProjectSection
EndProject
Project("{FAE04EC0-301F-11D3-BF4B-00C04F79EFBC}") = "Chauffeur.WindowsService", "..\src\Chauffeur.WindowsService\Chauffeur.WindowsService.csproj", "{D834C147-447B-4D43-8F2C-24ABB2A8E388}"
	ProjectSection(ProjectDependencies) = postProject
		{880C9B0F-6005-4C1C-9F2F-5FF79EBFB54A} = {880C9B0F-6005-4C1C-9F2F-5FF79EBFB54A}
	EndProjectSection
EndProject
Project("{FAE04EC0-301F-11D3-BF4B-00C04F79EFBC}") = "Chauffeur.Jenkins", "..\src\Chauffeur.Jenkins\Chauffeur.Jenkins.csproj", "{880C9B0F-6005-4C1C-9F2F-5FF79EBFB54A}"
EndProject
Project("{2150E333-8FDC-42A3-9474-1A3956D46DE8}") = "Solution Items", "Solution Items", "{0C17C05F-FFA4-4C52-A61F-146ABEEB3413}"
	ProjectSection(SolutionItems) = preProject
		..\README.md = ..\README.md
	EndProjectSection
EndProject
Project("{2150E333-8FDC-42A3-9474-1A3956D46DE8}") = "src", "src", "{1FFB017D-A01D-4F1B-89B9-093C7565CE70}"
EndProject
Global
	GlobalSection(SolutionConfigurationPlatforms) = preSolution
		Debug|Any CPU = Debug|Any CPU
		Debug|x86 = Debug|x86
		Release|Any CPU = Release|Any CPU
		Release|x86 = Release|x86
	EndGlobalSection
	GlobalSection(ProjectConfigurationPlatforms) = postSolution
		{EF570F84-9B8F-4A81-8C8D-B4984ED9E4FA}.Debug|Any CPU.ActiveCfg = Debug|x86
		{EF570F84-9B8F-4A81-8C8D-B4984ED9E4FA}.Debug|x86.ActiveCfg = Debug|x86
		{EF570F84-9B8F-4A81-8C8D-B4984ED9E4FA}.Debug|x86.Build.0 = Debug|x86
		{EF570F84-9B8F-4A81-8C8D-B4984ED9E4FA}.Release|Any CPU.ActiveCfg = Release|x86
		{EF570F84-9B8F-4A81-8C8D-B4984ED9E4FA}.Release|x86.ActiveCfg = Release|x86
		{EF570F84-9B8F-4A81-8C8D-B4984ED9E4FA}.Release|x86.Build.0 = Release|x86
		{A77D53E7-3779-451C-B1CE-935CCBDE1F57}.Debug|Any CPU.ActiveCfg = Debug|Any CPU
		{A77D53E7-3779-451C-B1CE-935CCBDE1F57}.Debug|Any CPU.Build.0 = Debug|Any CPU
		{A77D53E7-3779-451C-B1CE-935CCBDE1F57}.Debug|x86.ActiveCfg = Debug|x86
		{A77D53E7-3779-451C-B1CE-935CCBDE1F57}.Debug|x86.Build.0 = Debug|x86
		{A77D53E7-3779-451C-B1CE-935CCBDE1F57}.Release|Any CPU.ActiveCfg = Release|Any CPU
		{A77D53E7-3779-451C-B1CE-935CCBDE1F57}.Release|Any CPU.Build.0 = Release|Any CPU
		{A77D53E7-3779-451C-B1CE-935CCBDE1F57}.Release|x86.ActiveCfg = Release|Any CPU
		{D834C147-447B-4D43-8F2C-24ABB2A8E388}.Debug|Any CPU.ActiveCfg = Debug|Any CPU
		{D834C147-447B-4D43-8F2C-24ABB2A8E388}.Debug|Any CPU.Build.0 = Debug|Any CPU
		{D834C147-447B-4D43-8F2C-24ABB2A8E388}.Debug|x86.ActiveCfg = Debug|x86
		{D834C147-447B-4D43-8F2C-24ABB2A8E388}.Debug|x86.Build.0 = Debug|x86
		{D834C147-447B-4D43-8F2C-24ABB2A8E388}.Release|Any CPU.ActiveCfg = Release|Any CPU
		{D834C147-447B-4D43-8F2C-24ABB2A8E388}.Release|Any CPU.Build.0 = Release|Any CPU
		{D834C147-447B-4D43-8F2C-24ABB2A8E388}.Release|x86.ActiveCfg = Release|Any CPU
		{880C9B0F-6005-4C1C-9F2F-5FF79EBFB54A}.Debug|Any CPU.ActiveCfg = Debug|Any CPU
		{880C9B0F-6005-4C1C-9F2F-5FF79EBFB54A}.Debug|Any CPU.Build.0 = Debug|Any CPU
		{880C9B0F-6005-4C1C-9F2F-5FF79EBFB54A}.Debug|x86.ActiveCfg = Debug|x86
		{880C9B0F-6005-4C1C-9F2F-5FF79EBFB54A}.Debug|x86.Build.0 = Debug|x86
		{880C9B0F-6005-4C1C-9F2F-5FF79EBFB54A}.Release|Any CPU.ActiveCfg = Release|Any CPU
		{880C9B0F-6005-4C1C-9F2F-5FF79EBFB54A}.Release|Any CPU.Build.0 = Release|Any CPU
		{880C9B0F-6005-4C1C-9F2F-5FF79EBFB54A}.Release|x86.ActiveCfg = Release|Any CPU
	EndGlobalSection
	GlobalSection(SolutionProperties) = preSolution
		HideSolutionNode = FALSE
	EndGlobalSection
	GlobalSection(NestedProjects) = preSolution
		{A77D53E7-3779-451C-B1CE-935CCBDE1F57} = {1FFB017D-A01D-4F1B-89B9-093C7565CE70}
		{D834C147-447B-4D43-8F2C-24ABB2A8E388} = {1FFB017D-A01D-4F1B-89B9-093C7565CE70}
		{880C9B0F-6005-4C1C-9F2F-5FF79EBFB54A} = {1FFB017D-A01D-4F1B-89B9-093C7565CE70}
		{0C17C05F-FFA4-4C52-A61F-146ABEEB3413} = {1FFB017D-A01D-4F1B-89B9-093C7565CE70}
	EndGlobalSection
EndGlobal
